
Microsoft Visual Studio Solution File, Format Version 12.00
# Visual Studio Version 17
VisualStudioVersion = 17.13.35825.156
MinimumVisualStudioVersion = 10.0.40219.1
Project("{FAE04EC0-301F-11D3-BF4B-00C04F79EFBC}") = "Billiard Game", "Billiard Game\Billiard Game.csproj", "{1B28EA72-AB75-415B-AF14-1E122069DE07}"
EndProject
Project("{2150E333-8FDC-42A3-9474-1A3956D46DE8}") = "Элементы решения", "Элементы решения", "{754FC069-D67B-A9D7-50A1-8D1CA196D8F1}"
EndProject
Global
	GlobalSection(SolutionConfigurationPlatforms) = preSolution
		Debug|Any CPU = Debug|Any CPU
		Release|Any CPU = Release|Any CPU
	EndGlobalSection
	GlobalSection(ProjectConfigurationPlatforms) = postSolution
		{1B28EA72-AB75-415B-AF14-1E122069DE07}.Debug|Any CPU.ActiveCfg = Debug|Any CPU
		{1B28EA72-AB75-415B-AF14-1E122069DE07}.Debug|Any CPU.Build.0 = Debug|Any CPU
		{1B28EA72-AB75-415B-AF14-1E122069DE07}.Release|Any CPU.ActiveCfg = Release|Any CPU
		{1B28EA72-AB75-415B-AF14-1E122069DE07}.Release|Any CPU.Build.0 = Release|Any CPU
	EndGlobalSection
	GlobalSection(SolutionProperties) = preSolution
		HideSolutionNode = FALSE
	EndGlobalSection
	GlobalSection(ExtensibilityGlobals) = postSolution
		SolutionGuid = {35586FEB-0E65-4FA3-9188-39075BABCD5A}
	EndGlobalSection
EndGlobal
